
Microsoft Visual Studio Solution File, Format Version 10.00
# Visual Studio 2008
Project("{8BC9CEB8-8B4A-11D0-8D11-00A0C91BC942}") = "MiCmd", "MiCmd.vcproj", "{4684D5B7-1E37-40C6-A654-2FBE5AA11536}"
EndProject
Global
	GlobalSection(SolutionConfigurationPlatforms) = preSolution
		Debug|Win32 = Debug|Win32
		Release|Win32 = Release|Win32
	EndGlobalSection
	GlobalSection(ProjectConfigurationPlatforms) = postSolution
		{4684D5B7-1E37-40C6-A654-2FBE5AA11536}.Debug|Win32.ActiveCfg = Debug|Win32
		{4684D5B7-1E37-40C6-A654-2FBE5AA11536}.Debug|Win32.Build.0 = Debug|Win32
		{4684D5B7-1E37-40C6-A654-2FBE5AA11536}.Release|Win32.ActiveCfg = Release|Win32
		{4684D5B7-1E37-40C6-A654-2FBE5AA11536}.Release|Win32.Build.0 = Release|Win32
	EndGlobalSection
	GlobalSection(SolutionProperties) = preSolution
		HideSolutionNode = FALSE
	EndGlobalSection
EndGlobal
